github.com/davecgh/go-spew v1.1.0 h1:ZDRjVQ15GmhC3fiQ8ni8+OwkZQO4DARzQgrnXU1Liz8=
github.com/davecgh/go-spew v1.1.0/go.mod h1:J7Y8YcW2NihsgmVo/mv3lAwl/skON4iLHjSsI+c5H38=
github.com/pmezard/go-difflib v1.0.0 h1:4DBwDE0NGyQoBHbLQYPwSUPoCMWR5BEzIk/f1lZbAQM=
github.com/pmezard/go-difflib v1.0.0/go.mod h1:iKH77koFhYxTK1pcRnkKkqfTogsbg7gZNVY4sRDYZ/4=
github.com/stretchr/objx v0.1.0/go.mod h1:HFkY916IF+rwdDfMAkV7OtwuqBVzrE8GR6GFx+wExME=
github.com/stretchr/testify v1.6.1 h1:hDPOHmpOpP40lSULcqw7IrRb/u7w6RpDC9399XyoNd0=
github.com/stretchr/testify v1.6.1/go.mod h1:6Fq8oRcR53rry900zMqJjRRixrwX3KX962/h/Wwjteg=
github.com/tidwall/btree v0.2.2 h1:VVo0JW/tdidNdQzNsDR4wMbL3heaxA1DGleyzQ3/niY=
github.com/tidwall/btree v0.2.2/go.mod h1:huei1BkDWJ3/sLXmO+bsCNELL+Bp2Kks9OLyQFkzvA8=
github.com/tidwall/buntdb v1.1.4 h1:W7y9+2dM3GOswU0t3pz6+BcwZXjj/tVOhPcO6EHufME=
github.com/tidwall/buntdb v1.1.4/go.mod h1:06+/n7EFf6uUaIG5r9xZcExYN3H0Lnc+g/Kqx0fZFkI=
github.com/tidwall/gjson v1.6.1 h1:LRbvNuNuvAiISWg6gxLEFuCe72UKy5hDqhxW/8183ws=
github.com/tidwall/gjson v1.6.1/go.mod h1:BaHyNc5bjzYkPqgLq7mdVzeiRtULKULXLgZFKsxEHI0=
github.com/tidwall/grect v0.0.0-20161006141115-ba9a043346eb h1:5NSYaAdrnblKByzd7XByQEJVT8+9v0W/tIY0Oo4OwrE=
github.com/tidwall/grect v0.0.0-20161006141115-ba9a043346eb/go.mod h1:lKYYLFIr9OIgdgrtgkZ9zgRxRdvPYsExnYBsEAd8W5M=
github.com/tidwall/match v1.0.1 h1:PnKP62LPNxHKTwvHHZZzdOAOCtsJTjo6dZLCwpKm5xc=
github.com/tidwall/match v1.0.1/go.mod h1:LujAq0jyVjBy028G1WhWfIzbpQfMO8bBZ6Tyb0+pL9E=
github.com/tidwall/pretty v1.0.2 h1:Z7S3cePv9Jwm1KwS0513MRaoUe3S01WPbLNV40pwWZU=
github.com/tidwall/pretty v1.0.2/go.mod h1:XNkn88O1ChpSDQmQeStsy+sBenx6DDtFZJxhVysOjyk=
github.com/tidwall/rtree v0.0.0-20201027154624-32188eeb08a8 h1:BsKSRhu0TDB6Snq8SutN9KQHc6vqHEXJTcAFwyGNius=
github.com/tidwall/rtree v0.0.0-20201027154624-32188eeb08a8/go.mod h1:/h+UnNGt0IhNNJLkGikcdcJqm66zGD/uJGMRxK/9+Ao=
github.com/tidwall/tinyqueue v0.0.0-20180302190814-1e39f5511563 h1:Otn9S136ELckZ3KKDyCkxapfufrqDqwmGjcHfAyXRrE=
github.com/tidwall/tinyqueue v0.0.0-20180302190814-1e39f5511563/go.mod h1:mLqSmt7Dv/CNneF2wfcChfN1rvapyQr01LGKnKex0DQ=
github.com/wangjia184/sortedset v0.0.0-20200422044937-080872f546ba h1:jrGJzVnPfTOo7yb0qXeXc6biQFlDjzp4evucTpZZFTc=
github.com/wangjia184/sortedset v0.0.0-20200422044937-080872f546ba/go.mod h1:YkocrP2K2tcw938x9gCOmT5G5eCD6jsTz0SZuyAqwIE=
gopkg.in/check.v1 v0.0.0-20161208181325-20d25e280405 h1:yhCVgyC4o1eVCa2tZl7eS0r+SDo693bJlVdllGtEeKM=
gopkg.in/check.v1 v0.0.0-20161208181325-20d25e280405/go.mod h1:Co6ibVJAznAaIkqp8huTwlJQCZ016jof/cbN4VW5Yz0=
gopkg.in/yaml.v3 v3.0.0-20200313102051-9f266ea9e77c h1:dUUwHk2QECo/6vqA44rthZ8ie2QXMNeKRTHCNY2nXvo=
gopkg.in/yaml.v3 v3.0.0-20200313102051-9f266ea9e77c/go.mod h1:K4uyk7z7BCEPqu6E+C64Yfv1cQ7kz7rIZviUmN+EgEM=
